{
  "name": "itflask",
  "lockfileVersion": 3,
  "requires": true,
  "packages": {
    "": {
      "dependencies": {
        "animate.css": "^4.1.1",
        "ldrs": "^1.1.7"
      }
    },
    "node_modules/animate.css": {
      "version": "4.1.1",
      "resolved": "https://registry.npmjs.org/animate.css/-/animate.css-4.1.1.tgz",
      "integrity": "sha512-+mRmCTv6SbCmtYJCN4faJMNFVNN5EuCTTprDTAo7YzIGji2KADmakjVA3+8mVDkZ2Bf09vayB35lSQIex2+QaQ==",
      "license": "MIT"
    },
    "node_modules/ldrs": {
      "version": "1.1.7",
      "resolved": "https://registry.npmjs.org/ldrs/-/ldrs-1.1.7.tgz",
      "integrity": "sha512-rZnfveeY1SeS3F3ifUVd9AVGTFHmQ0qzp5fuszAirnrVkjqJBLrm99vtr/Mxbby4XgadUYv+DsFqyk2p4FV40Q==",
      "license": "MIT"
    }
  }
}
